
Microsoft Visual Studio Solution File, Format Version 12.00
# Visual Studio Version 17
VisualStudioVersion = 17.7.34202.233
MinimumVisualStudioVersion = 10.0.40219.1
Project("{FAE04EC0-301F-11D3-BF4B-00C04F79EFBC}") = "ZeroHunger", "ZeroHunger\ZeroHunger.csproj", "{7F80644C-8907-41A9-855A-BE56F629B7B9}"
EndProject
Global
	GlobalSection(SolutionConfigurationPlatforms) = preSolution
		Debug|Any CPU = Debug|Any CPU
		Release|Any CPU = Release|Any CPU
	EndGlobalSection
	GlobalSection(ProjectConfigurationPlatforms) = postSolution
		{7F80644C-8907-41A9-855A-BE56F629B7B9}.Debug|Any CPU.ActiveCfg = Debug|Any CPU
		{7F80644C-8907-41A9-855A-BE56F629B7B9}.Debug|Any CPU.Build.0 = Debug|Any CPU
		{7F80644C-8907-41A9-855A-BE56F629B7B9}.Release|Any CPU.ActiveCfg = Release|Any CPU
		{7F80644C-8907-41A9-855A-BE56F629B7B9}.Release|Any CPU.Build.0 = Release|Any CPU
	EndGlobalSection
	GlobalSection(SolutionProperties) = preSolution
		HideSolutionNode = FALSE
	EndGlobalSection
	GlobalSection(ExtensibilityGlobals) = postSolution
		SolutionGuid = {97E7D3D5-EF8A-4F53-9ACC-4807F29B4EE6}
	EndGlobalSection
EndGlobal
